# This file is autogenerated, do not edit; changes may be undone by the next 'dep ensure'.


[[projects]]
  name = "github.com/Sirupsen/logrus"
  packages = ["."]
  revision = "f7f79f729e0fbe2fcc061db48a9ba0263f588252"

[[projects]]
  name = "github.com/coreos/go-systemd"
  packages = ["activation"]
  revision = "7b2428fec40033549c68f54e26e89e7ca9a9ce31"
  version = "v5"

[[projects]]
  name = "github.com/docker/docker"
  packages = [
    "api",
    "pkg/authorization",
    "pkg/ioutils",
    "pkg/longpath",
    "pkg/plugins",
    "pkg/system",
    "pkg/version"
  ]
  revision = "590d5108bbdaabb05af590f76c9757daceb6d02e"
  version = "v1.10.0"

[[projects]]
  name = "github.com/docker/engine-api"
  packages = [
    "client",
    "types",
    "types/blkiodev",
    "types/container",
    "types/filters",
    "types/network",
    "types/registry",
    "types/strslice",
    "types/time"
  ]
  revision = "9fce4cd3fa3287f962842158509b0c438365397a"
  version = "v0.2.3"

[[projects]]
  name = "github.com/docker/go-connections"
  packages = [
    "nat",
    "sockets",
    "tlsconfig"
  ]
  revision = "082e382836465660fe3fd21de06624a205f986eb"

[[projects]]
  name = "github.com/docker/go-plugins-helpers"
  packages = [
    "authorization",
    "sdk"
  ]
  revision = "43a6e8138314c27ab25fa197c676e1970d5869e1"

[[projects]]
  name = "github.com/docker/go-units"
  packages = ["."]
  revision = "0bbddae09c5a5419a8c6dcdd7ff90da3d450393b"

[[projects]]
  name = "github.com/docker/libtrust"
  packages = ["."]
  revision = "9cbd2a1374f46905c68a4eb3694a130610adc62a"

[[projects]]
  name = "github.com/opencontainers/runc"
  packages = ["libcontainer/user"]
  revision = "bc465742ac61aad50dec8e9769a75f01d8d8e502"

[[projects]]
  name = "golang.org/x/net"
  packages = ["context"]
  revision = "b2ed34f6fc8d65cc6a090fb87692ea6b1162fddd"

[[projects]]
  branch = "master"
  name = "golang.org/x/sys"
  packages = ["unix"]
  revision = "1b2967e3c290b7c545b3db0deeda16e9be4f98a2"

[solve-meta]
  analyzer-name = "dep"
  analyzer-version = 1
  inputs-digest = "9c6d3ee657cd8ea6427c4867621dcc0a93069827b850cd20bb7edce9edeaad41"
  solver-name = "gps-cdcl"
  solver-version = 1
